
Microsoft Visual Studio Solution File, Format Version 12.00
# Visual Studio 15
VisualStudioVersion = 15.0.26730.10
MinimumVisualStudioVersion = 10.0.40219.1
Project("{9A19103F-16F7-4668-BE54-9A1E7A4F7556}") = "MIP_NDP", "MIP_NDP\MIP_NDP.csproj", "{AC926272-BD5E-470A-A955-5B1853B8EDA6}"
EndProject
Project("{9A19103F-16F7-4668-BE54-9A1E7A4F7556}") = "IP_Knapsack", "IP_Knapsack\IP_Knapsack.csproj", "{285964B3-ED91-4370-8BC8-A978822B4FE8}"
EndProject
Project("{9A19103F-16F7-4668-BE54-9A1E7A4F7556}") = "IP_SetProblems", "IP_SetProblems\IP_SetProblems.csproj", "{400CC708-707E-4843-A71D-628EEA6072C8}"
EndProject
Project("{9A19103F-16F7-4668-BE54-9A1E7A4F7556}") = "MIP_TSP", "MIP_TSP\MIP_TSP.csproj", "{A01D4E57-D852-4A26-848E-EF65C8FADA0A}"
EndProject
Project("{9A19103F-16F7-4668-BE54-9A1E7A4F7556}") = "MIP_CLSP", "MIP_CLSP\MIP_CLSP.csproj", "{5651D5B3-41A5-44DA-9A07-700BA94ADBAF}"
EndProject
Project("{9A19103F-16F7-4668-BE54-9A1E7A4F7556}") = "MIP_VRP", "MIP_VRP\MIP_VRP.csproj", "{8310EDDC-CFF8-4336-900A-D8898455A31A}"
EndProject
Project("{9A19103F-16F7-4668-BE54-9A1E7A4F7556}") = "MIP_WLP", "MIP_WLP\MIP_WLP.csproj", "{83CDC130-812F-4ADA-9260-DB153066CCA9}"
EndProject
Project("{9A19103F-16F7-4668-BE54-9A1E7A4F7556}") = "IP_QueensProblem", "IP_N-Queens\IP_QueensProblem.csproj", "{E9653CD5-EF0A-419A-A82E-3CC2162C1DFC}"
EndProject
Project("{9A19103F-16F7-4668-BE54-9A1E7A4F7556}") = "MIP_JobScheduling", "MIP_JobSchedule\MIP_JobScheduling.csproj", "{DE0A9B51-BF2C-4525-853E-440F0E974EA1}"
EndProject
Project("{9A19103F-16F7-4668-BE54-9A1E7A4F7556}") = "IP_Sudoku", "IP_Sudoku\IP_Sudoku.csproj", "{CC1B7145-AF56-484E-AF6B-8AA35CA35D0F}"
EndProject
Project("{9A19103F-16F7-4668-BE54-9A1E7A4F7556}") = "MIP_NDP_Tests", "MIP_NDP_Tests\MIP_NDP_Tests.csproj", "{3BA111EA-2C3C-43C5-A003-36A0401DA9BB}"
EndProject
Project("{9A19103F-16F7-4668-BE54-9A1E7A4F7556}") = "IP_Knapsack_Tests", "IP_Knapsack_Tests\IP_Knapsack_Tests.csproj", "{C1868481-1B83-4182-8DAE-057545D1B032}"
EndProject
Project("{FAE04EC0-301F-11D3-BF4B-00C04F79EFBC}") = "Demo_Mipcl", "Demo_Mipcl\Demo_Mipcl.csproj", "{3C69E04A-6B17-486D-A66B-EF230588F6E4}"
EndProject
Project("{FAE04EC0-301F-11D3-BF4B-00C04F79EFBC}") = "Demo_GLPK", "Demo_GLPK\Demo_GLPK.csproj", "{5F097F62-A1B4-4359-8C77-74A452439E30}"
EndProject
Project("{FAE04EC0-301F-11D3-BF4B-00C04F79EFBC}") = "Demo_GLPK_netframework", "Demo_GLPK_netframework\Demo_GLPK_netframework.csproj", "{E87D6C34-F468-454F-B20A-7C38CC418AD2}"
EndProject
Global
	GlobalSection(SolutionConfigurationPlatforms) = preSolution
		Debug|Any CPU = Debug|Any CPU
		Debug|x64 = Debug|x64
		Release|Any CPU = Release|Any CPU
		Release|x64 = Release|x64
	EndGlobalSection
	GlobalSection(ProjectConfigurationPlatforms) = postSolution
		{AC926272-BD5E-470A-A955-5B1853B8EDA6}.Debug|Any CPU.ActiveCfg = Debug|Any CPU
		{AC926272-BD5E-470A-A955-5B1853B8EDA6}.Debug|Any CPU.Build.0 = Debug|Any CPU
		{AC926272-BD5E-470A-A955-5B1853B8EDA6}.Debug|x64.ActiveCfg = Debug|Any CPU
		{AC926272-BD5E-470A-A955-5B1853B8EDA6}.Debug|x64.Build.0 = Debug|Any CPU
		{AC926272-BD5E-470A-A955-5B1853B8EDA6}.Release|Any CPU.ActiveCfg = Release|Any CPU
		{AC926272-BD5E-470A-A955-5B1853B8EDA6}.Release|Any CPU.Build.0 = Release|Any CPU
		{AC926272-BD5E-470A-A955-5B1853B8EDA6}.Release|x64.ActiveCfg = Release|Any CPU
		{AC926272-BD5E-470A-A955-5B1853B8EDA6}.Release|x64.Build.0 = Release|Any CPU
		{285964B3-ED91-4370-8BC8-A978822B4FE8}.Debug|Any CPU.ActiveCfg = Debug|Any CPU
		{285964B3-ED91-4370-8BC8-A978822B4FE8}.Debug|Any CPU.Build.0 = Debug|Any CPU
		{285964B3-ED91-4370-8BC8-A978822B4FE8}.Debug|x64.ActiveCfg = Debug|Any CPU
		{285964B3-ED91-4370-8BC8-A978822B4FE8}.Debug|x64.Build.0 = Debug|Any CPU
		{285964B3-ED91-4370-8BC8-A978822B4FE8}.Release|Any CPU.ActiveCfg = Release|Any CPU
		{285964B3-ED91-4370-8BC8-A978822B4FE8}.Release|Any CPU.Build.0 = Release|Any CPU
		{285964B3-ED91-4370-8BC8-A978822B4FE8}.Release|x64.ActiveCfg = Release|Any CPU
		{285964B3-ED91-4370-8BC8-A978822B4FE8}.Release|x64.Build.0 = Release|Any CPU
		{400CC708-707E-4843-A71D-628EEA6072C8}.Debug|Any CPU.ActiveCfg = Debug|Any CPU
		{400CC708-707E-4843-A71D-628EEA6072C8}.Debug|Any CPU.Build.0 = Debug|Any CPU
		{400CC708-707E-4843-A71D-628EEA6072C8}.Debug|x64.ActiveCfg = Debug|Any CPU
		{400CC708-707E-4843-A71D-628EEA6072C8}.Debug|x64.Build.0 = Debug|Any CPU
		{400CC708-707E-4843-A71D-628EEA6072C8}.Release|Any CPU.ActiveCfg = Release|Any CPU
		{400CC708-707E-4843-A71D-628EEA6072C8}.Release|Any CPU.Build.0 = Release|Any CPU
		{400CC708-707E-4843-A71D-628EEA6072C8}.Release|x64.ActiveCfg = Release|Any CPU
		{400CC708-707E-4843-A71D-628EEA6072C8}.Release|x64.Build.0 = Release|Any CPU
		{A01D4E57-D852-4A26-848E-EF65C8FADA0A}.Debug|Any CPU.ActiveCfg = Debug|Any CPU
		{A01D4E57-D852-4A26-848E-EF65C8FADA0A}.Debug|Any CPU.Build.0 = Debug|Any CPU
		{A01D4E57-D852-4A26-848E-EF65C8FADA0A}.Debug|x64.ActiveCfg = Debug|Any CPU
		{A01D4E57-D852-4A26-848E-EF65C8FADA0A}.Debug|x64.Build.0 = Debug|Any CPU
		{A01D4E57-D852-4A26-848E-EF65C8FADA0A}.Release|Any CPU.ActiveCfg = Release|Any CPU
		{A01D4E57-D852-4A26-848E-EF65C8FADA0A}.Release|Any CPU.Build.0 = Release|Any CPU
		{A01D4E57-D852-4A26-848E-EF65C8FADA0A}.Release|x64.ActiveCfg = Release|Any CPU
		{A01D4E57-D852-4A26-848E-EF65C8FADA0A}.Release|x64.Build.0 = Release|Any CPU
		{5651D5B3-41A5-44DA-9A07-700BA94ADBAF}.Debug|Any CPU.ActiveCfg = Debug|Any CPU
		{5651D5B3-41A5-44DA-9A07-700BA94ADBAF}.Debug|Any CPU.Build.0 = Debug|Any CPU
		{5651D5B3-41A5-44DA-9A07-700BA94ADBAF}.Debug|x64.ActiveCfg = Debug|Any CPU
		{5651D5B3-41A5-44DA-9A07-700BA94ADBAF}.Debug|x64.Build.0 = Debug|Any CPU
		{5651D5B3-41A5-44DA-9A07-700BA94ADBAF}.Release|Any CPU.ActiveCfg = Release|Any CPU
		{5651D5B3-41A5-44DA-9A07-700BA94ADBAF}.Release|Any CPU.Build.0 = Release|Any CPU
		{5651D5B3-41A5-44DA-9A07-700BA94ADBAF}.Release|x64.ActiveCfg = Release|Any CPU
		{5651D5B3-41A5-44DA-9A07-700BA94ADBAF}.Release|x64.Build.0 = Release|Any CPU
		{8310EDDC-CFF8-4336-900A-D8898455A31A}.Debug|Any CPU.ActiveCfg = Debug|Any CPU
		{8310EDDC-CFF8-4336-900A-D8898455A31A}.Debug|Any CPU.Build.0 = Debug|Any CPU
		{8310EDDC-CFF8-4336-900A-D8898455A31A}.Debug|x64.ActiveCfg = Debug|Any CPU
		{8310EDDC-CFF8-4336-900A-D8898455A31A}.Debug|x64.Build.0 = Debug|Any CPU
		{8310EDDC-CFF8-4336-900A-D8898455A31A}.Release|Any CPU.ActiveCfg = Release|Any CPU
		{8310EDDC-CFF8-4336-900A-D8898455A31A}.Release|Any CPU.Build.0 = Release|Any CPU
		{8310EDDC-CFF8-4336-900A-D8898455A31A}.Release|x64.ActiveCfg = Release|Any CPU
		{8310EDDC-CFF8-4336-900A-D8898455A31A}.Release|x64.Build.0 = Release|Any CPU
		{83CDC130-812F-4ADA-9260-DB153066CCA9}.Debug|Any CPU.ActiveCfg = Debug|Any CPU
		{83CDC130-812F-4ADA-9260-DB153066CCA9}.Debug|Any CPU.Build.0 = Debug|Any CPU
		{83CDC130-812F-4ADA-9260-DB153066CCA9}.Debug|x64.ActiveCfg = Debug|Any CPU
		{83CDC130-812F-4ADA-9260-DB153066CCA9}.Debug|x64.Build.0 = Debug|Any CPU
		{83CDC130-812F-4ADA-9260-DB153066CCA9}.Release|Any CPU.ActiveCfg = Release|Any CPU
		{83CDC130-812F-4ADA-9260-DB153066CCA9}.Release|Any CPU.Build.0 = Release|Any CPU
		{83CDC130-812F-4ADA-9260-DB153066CCA9}.Release|x64.ActiveCfg = Release|Any CPU
		{83CDC130-812F-4ADA-9260-DB153066CCA9}.Release|x64.Build.0 = Release|Any CPU
		{E9653CD5-EF0A-419A-A82E-3CC2162C1DFC}.Debug|Any CPU.ActiveCfg = Debug|Any CPU
		{E9653CD5-EF0A-419A-A82E-3CC2162C1DFC}.Debug|Any CPU.Build.0 = Debug|Any CPU
		{E9653CD5-EF0A-419A-A82E-3CC2162C1DFC}.Debug|x64.ActiveCfg = Debug|Any CPU
		{E9653CD5-EF0A-419A-A82E-3CC2162C1DFC}.Debug|x64.Build.0 = Debug|Any CPU
		{E9653CD5-EF0A-419A-A82E-3CC2162C1DFC}.Release|Any CPU.ActiveCfg = Release|Any CPU
		{E9653CD5-EF0A-419A-A82E-3CC2162C1DFC}.Release|Any CPU.Build.0 = Release|Any CPU
		{E9653CD5-EF0A-419A-A82E-3CC2162C1DFC}.Release|x64.ActiveCfg = Release|Any CPU
		{E9653CD5-EF0A-419A-A82E-3CC2162C1DFC}.Release|x64.Build.0 = Release|Any CPU
		{DE0A9B51-BF2C-4525-853E-440F0E974EA1}.Debug|Any CPU.ActiveCfg = Debug|Any CPU
		{DE0A9B51-BF2C-4525-853E-440F0E974EA1}.Debug|Any CPU.Build.0 = Debug|Any CPU
		{DE0A9B51-BF2C-4525-853E-440F0E974EA1}.Debug|x64.ActiveCfg = Debug|Any CPU
		{DE0A9B51-BF2C-4525-853E-440F0E974EA1}.Debug|x64.Build.0 = Debug|Any CPU
		{DE0A9B51-BF2C-4525-853E-440F0E974EA1}.Release|Any CPU.ActiveCfg = Release|Any CPU
		{DE0A9B51-BF2C-4525-853E-440F0E974EA1}.Release|Any CPU.Build.0 = Release|Any CPU
		{DE0A9B51-BF2C-4525-853E-440F0E974EA1}.Release|x64.ActiveCfg = Release|Any CPU
		{DE0A9B51-BF2C-4525-853E-440F0E974EA1}.Release|x64.Build.0 = Release|Any CPU
		{CC1B7145-AF56-484E-AF6B-8AA35CA35D0F}.Debug|Any CPU.ActiveCfg = Debug|Any CPU
		{CC1B7145-AF56-484E-AF6B-8AA35CA35D0F}.Debug|Any CPU.Build.0 = Debug|Any CPU
		{CC1B7145-AF56-484E-AF6B-8AA35CA35D0F}.Debug|x64.ActiveCfg = Debug|Any CPU
		{CC1B7145-AF56-484E-AF6B-8AA35CA35D0F}.Debug|x64.Build.0 = Debug|Any CPU
		{CC1B7145-AF56-484E-AF6B-8AA35CA35D0F}.Release|Any CPU.ActiveCfg = Release|Any CPU
		{CC1B7145-AF56-484E-AF6B-8AA35CA35D0F}.Release|Any CPU.Build.0 = Release|Any CPU
		{CC1B7145-AF56-484E-AF6B-8AA35CA35D0F}.Release|x64.ActiveCfg = Release|Any CPU
		{CC1B7145-AF56-484E-AF6B-8AA35CA35D0F}.Release|x64.Build.0 = Release|Any CPU
		{3BA111EA-2C3C-43C5-A003-36A0401DA9BB}.Debug|Any CPU.ActiveCfg = Debug|Any CPU
		{3BA111EA-2C3C-43C5-A003-36A0401DA9BB}.Debug|Any CPU.Build.0 = Debug|Any CPU
		{3BA111EA-2C3C-43C5-A003-36A0401DA9BB}.Debug|x64.ActiveCfg = Debug|Any CPU
		{3BA111EA-2C3C-43C5-A003-36A0401DA9BB}.Debug|x64.Build.0 = Debug|Any CPU
		{3BA111EA-2C3C-43C5-A003-36A0401DA9BB}.Release|Any CPU.ActiveCfg = Release|Any CPU
		{3BA111EA-2C3C-43C5-A003-36A0401DA9BB}.Release|Any CPU.Build.0 = Release|Any CPU
		{3BA111EA-2C3C-43C5-A003-36A0401DA9BB}.Release|x64.ActiveCfg = Release|Any CPU
		{3BA111EA-2C3C-43C5-A003-36A0401DA9BB}.Release|x64.Build.0 = Release|Any CPU
		{C1868481-1B83-4182-8DAE-057545D1B032}.Debug|Any CPU.ActiveCfg = Debug|Any CPU
		{C1868481-1B83-4182-8DAE-057545D1B032}.Debug|Any CPU.Build.0 = Debug|Any CPU
		{C1868481-1B83-4182-8DAE-057545D1B032}.Debug|x64.ActiveCfg = Debug|Any CPU
		{C1868481-1B83-4182-8DAE-057545D1B032}.Debug|x64.Build.0 = Debug|Any CPU
		{C1868481-1B83-4182-8DAE-057545D1B032}.Release|Any CPU.ActiveCfg = Release|Any CPU
		{C1868481-1B83-4182-8DAE-057545D1B032}.Release|Any CPU.Build.0 = Release|Any CPU
		{C1868481-1B83-4182-8DAE-057545D1B032}.Release|x64.ActiveCfg = Release|Any CPU
		{C1868481-1B83-4182-8DAE-057545D1B032}.Release|x64.Build.0 = Release|Any CPU
		{3C69E04A-6B17-486D-A66B-EF230588F6E4}.Debug|Any CPU.ActiveCfg = Debug|Any CPU
		{3C69E04A-6B17-486D-A66B-EF230588F6E4}.Debug|Any CPU.Build.0 = Debug|Any CPU
		{3C69E04A-6B17-486D-A66B-EF230588F6E4}.Debug|x64.ActiveCfg = Debug|Any CPU
		{3C69E04A-6B17-486D-A66B-EF230588F6E4}.Debug|x64.Build.0 = Debug|Any CPU
		{3C69E04A-6B17-486D-A66B-EF230588F6E4}.Release|Any CPU.ActiveCfg = Release|Any CPU
		{3C69E04A-6B17-486D-A66B-EF230588F6E4}.Release|Any CPU.Build.0 = Release|Any CPU
		{3C69E04A-6B17-486D-A66B-EF230588F6E4}.Release|x64.ActiveCfg = Release|Any CPU
		{3C69E04A-6B17-486D-A66B-EF230588F6E4}.Release|x64.Build.0 = Release|Any CPU
		{5F097F62-A1B4-4359-8C77-74A452439E30}.Debug|Any CPU.ActiveCfg = Debug|Any CPU
		{5F097F62-A1B4-4359-8C77-74A452439E30}.Debug|Any CPU.Build.0 = Debug|Any CPU
		{5F097F62-A1B4-4359-8C77-74A452439E30}.Debug|x64.ActiveCfg = Debug|Any CPU
		{5F097F62-A1B4-4359-8C77-74A452439E30}.Debug|x64.Build.0 = Debug|Any CPU
		{5F097F62-A1B4-4359-8C77-74A452439E30}.Release|Any CPU.ActiveCfg = Release|Any CPU
		{5F097F62-A1B4-4359-8C77-74A452439E30}.Release|Any CPU.Build.0 = Release|Any CPU
		{5F097F62-A1B4-4359-8C77-74A452439E30}.Release|x64.ActiveCfg = Release|Any CPU
		{5F097F62-A1B4-4359-8C77-74A452439E30}.Release|x64.Build.0 = Release|Any CPU
		{E87D6C34-F468-454F-B20A-7C38CC418AD2}.Debug|Any CPU.ActiveCfg = Debug|Any CPU
		{E87D6C34-F468-454F-B20A-7C38CC418AD2}.Debug|Any CPU.Build.0 = Debug|Any CPU
		{E87D6C34-F468-454F-B20A-7C38CC418AD2}.Debug|x64.ActiveCfg = Debug|Any CPU
		{E87D6C34-F468-454F-B20A-7C38CC418AD2}.Debug|x64.Build.0 = Debug|Any CPU
		{E87D6C34-F468-454F-B20A-7C38CC418AD2}.Release|Any CPU.ActiveCfg = Release|Any CPU
		{E87D6C34-F468-454F-B20A-7C38CC418AD2}.Release|Any CPU.Build.0 = Release|Any CPU
		{E87D6C34-F468-454F-B20A-7C38CC418AD2}.Release|x64.ActiveCfg = Release|Any CPU
		{E87D6C34-F468-454F-B20A-7C38CC418AD2}.Release|x64.Build.0 = Release|Any CPU
	EndGlobalSection
	GlobalSection(SolutionProperties) = preSolution
		HideSolutionNode = FALSE
	EndGlobalSection
	GlobalSection(ExtensibilityGlobals) = postSolution
		SolutionGuid = {51E52DA6-4BDF-42A4-A63D-14A1DA4DD9CF}
	EndGlobalSection
EndGlobal
